
Microsoft Visual Studio Solution File, Format Version 12.00
# Visual Studio Version 16
VisualStudioVersion = 16.0.28922.388
MinimumVisualStudioVersion = 10.0.40219.1
Project("{FAE04EC0-301F-11D3-BF4B-00C04F79EFBC}") = "NetCoreGlow", "NetCoreGlow\NetCoreGlow.csproj", "{90B059A8-769B-4A81-AE0E-A6AA9E774BDC}"
EndProject
Global
	GlobalSection(SolutionConfigurationPlatforms) = preSolution
		Debug|Any CPU = Debug|Any CPU
		Release|Any CPU = Release|Any CPU
	EndGlobalSection
	GlobalSection(ProjectConfigurationPlatforms) = postSolution
		{90B059A8-769B-4A81-AE0E-A6AA9E774BDC}.Debug|Any CPU.ActiveCfg = Debug|Any CPU
		{90B059A8-769B-4A81-AE0E-A6AA9E774BDC}.Debug|Any CPU.Build.0 = Debug|Any CPU
		{90B059A8-769B-4A81-AE0E-A6AA9E774BDC}.Release|Any CPU.ActiveCfg = Release|Any CPU
		{90B059A8-769B-4A81-AE0E-A6AA9E774BDC}.Release|Any CPU.Build.0 = Release|Any CPU
	EndGlobalSection
	GlobalSection(SolutionProperties) = preSolution
		HideSolutionNode = FALSE
	EndGlobalSection
	GlobalSection(ExtensibilityGlobals) = postSolution
		SolutionGuid = {B8A836BE-B64C-4A9C-9B1A-066288B5A703}
	EndGlobalSection
EndGlobal
